// !$*UTF8*$!
{
	archiveVersion = 1;
	classes = {
	};
	objectVersion = 46;
	objects = {

/* Begin PBXBuildFile section */
		64088CB118F4C48700A52671 /* myCamera2.png in Resources */ = {isa = PBXBuildFile; fileRef = 64088CB018F4C48700A52671 /* myCamera2.png */; };
		6416D38618F229270051F568 /* Images.xcassets in Resources */ = {isa = PBXBuildFile; fileRef = 6416D38518F229270051F568 /* Images.xcassets */; };
		6416D38918F22A350051F568 /* bg.jpg in Resources */ = {isa = PBXBuildFile; fileRef = 6416D38818F22A350051F568 /* bg.jpg */; };
		643A35B419209C2D008CB1E5 /* CFNetwork.framework in Frameworks */ = {isa = PBXBuildFile; fileRef = 643A35B319209C2C008CB1E5 /* CFNetwork.framework */; };
		643A35B619209C34008CB1E5 /* SystemConfiguration.framework in Frameworks */ = {isa = PBXBuildFile; fileRef = 643A35B519209C34008CB1E5 /* SystemConfiguration.framework */; };
		643A35B819209C3B008CB1E5 /* MobileCoreServices.framework in Frameworks */ = {isa = PBXBuildFile; fileRef = 643A35B719209C3B008CB1E5 /* MobileCoreServices.framework */; };
		6450638118E34AF7003F8690 /* opencv2.framework in Frameworks */ = {isa = PBXBuildFile; fileRef = 6450638018E34AF7003F8690 /* opencv2.framework */; };
		64DAFE6819045B6E00DFC794 /* myCameraIcon.png in Resources */ = {isa = PBXBuildFile; fileRef = 64DAFE6719045B6E00DFC794 /* myCameraIcon.png */; };
		64DAFE6A1905AAF700DFC794 /* AudioToolbox.framework in Frameworks */ = {isa = PBXBuildFile; fileRef = 64DAFE691905AAF700DFC794 /* AudioToolbox.framework */; };
		79928AA993654EE090F46D42 /* libPods.a in Frameworks */ = {isa = PBXBuildFile; fileRef = 443E0494E7F04218A50C3FF1 /* libPods.a */; };
		83FA79131748FE9000248405 /* UIKit.framework in Frameworks */ = {isa = PBXBuildFile; fileRef = 83FA79121748FE9000248405 /* UIKit.framework */; };
		83FA79151748FE9000248405 /* Foundation.framework in Frameworks */ = {isa = PBXBuildFile; fileRef = 83FA79141748FE9000248405 /* Foundation.framework */; };
		83FA79171748FE9000248405 /* CoreGraphics.framework in Frameworks */ = {isa = PBXBuildFile; fileRef = 83FA79161748FE9000248405 /* CoreGraphics.framework */; };
		83FA791D1748FE9000248405 /* InfoPlist.strings in Resources */ = {isa = PBXBuildFile; fileRef = 83FA791B1748FE9000248405 /* InfoPlist.strings */; };
		83FA791F1748FE9000248405 /* main.m in Sources */ = {isa = PBXBuildFile; fileRef = 83FA791E1748FE9000248405 /* main.m */; };
		83FA79231748FE9000248405 /* AppDelegate.m in Sources */ = {isa = PBXBuildFile; fileRef = 83FA79221748FE9000248405 /* AppDelegate.m */; };
		83FA79251748FE9000248405 /* Default.png in Resources */ = {isa = PBXBuildFile; fileRef = 83FA79241748FE9000248405 /* Default.png */; };
		83FA79271748FE9000248405 /* Default@2x.png in Resources */ = {isa = PBXBuildFile; fileRef = 83FA79261748FE9000248405 /* Default@2x.png */; };
		83FA79291748FE9000248405 /* Default-568h@2x.png in Resources */ = {isa = PBXBuildFile; fileRef = 83FA79281748FE9000248405 /* Default-568h@2x.png */; };
		83FA792C1748FE9000248405 /* MainStoryboard_iPhone.storyboard in Resources */ = {isa = PBXBuildFile; fileRef = 83FA792A1748FE9000248405 /* MainStoryboard_iPhone.storyboard */; };
		83FA792F1748FE9000248405 /* MainStoryboard_iPad.storyboard in Resources */ = {isa = PBXBuildFile; fileRef = 83FA792D1748FE9000248405 /* MainStoryboard_iPad.storyboard */; };
		83FA79321748FE9000248405 /* ViewController.m in Sources */ = {isa = PBXBuildFile; fileRef = 83FA79311748FE9000248405 /* ViewController.m */; };
		83FA793D1748FF3300248405 /* Accelerate.framework in Frameworks */ = {isa = PBXBuildFile; fileRef = 83FA793A1748FF3300248405 /* Accelerate.framework */; };
		83FA793E1748FF3300248405 /* AssetsLibrary.framework in Frameworks */ = {isa = PBXBuildFile; fileRef = 83FA793B1748FF3300248405 /* AssetsLibrary.framework */; };
		83FA793F1748FF3300248405 /* AVFoundation.framework in Frameworks */ = {isa = PBXBuildFile; fileRef = 83FA793C1748FF3300248405 /* AVFoundation.framework */; };
		83FA79431748FF3F00248405 /* CoreImage.framework in Frameworks */ = {isa = PBXBuildFile; fileRef = 83FA79401748FF3F00248405 /* CoreImage.framework */; };
		83FA79441748FF3F00248405 /* CoreMedia.framework in Frameworks */ = {isa = PBXBuildFile; fileRef = 83FA79411748FF3F00248405 /* CoreMedia.framework */; };
		83FA79451748FF3F00248405 /* CoreVideo.framework in Frameworks */ = {isa = PBXBuildFile; fileRef = 83FA79421748FF3F00248405 /* CoreVideo.framework */; };
		83FA79471748FF4A00248405 /* QuartzCore.framework in Frameworks */ = {isa = PBXBuildFile; fileRef = 83FA79461748FF4A00248405 /* QuartzCore.framework */; };
		83FA797917490FB500248405 /* fuzzy_border.png in Resources */ = {isa = PBXBuildFile; fileRef = 83FA797417490FB500248405 /* fuzzy_border.png */; };
		83FA797A17490FB500248405 /* scratches.png in Resources */ = {isa = PBXBuildFile; fileRef = 83FA797517490FB500248405 /* scratches.png */; };
/* End PBXBuildFile section */

/* Begin PBXContainerItemProxy section */
		641AAAE8192002B900672EDD /* PBXContainerItemProxy */ = {
			isa = PBXContainerItemProxy;
			containerPortal = 641AAAE4192002B900672EDD /* CvEffects.xcodeproj */;
			proxyType = 2;
			remoteGlobalIDString = 51E204271747A1C3005C39DB;
			remoteInfo = CvEffects;
		};
/* End PBXContainerItemProxy section */

/* Begin PBXFileReference section */
		443E0494E7F04218A50C3FF1 /* libPods.a */ = {isa = PBXFileReference; explicitFileType = archive.ar; includeInIndex = 0; path = libPods.a; sourceTree = BUILT_PRODUCTS_DIR; };
		64088CB018F4C48700A52671 /* myCamera2.png */ = {isa = PBXFileReference; lastKnownFileType = image.png; name = myCamera2.png; path = ../../../../../Arts/myCamera2.png; sourceTree = "<group>"; };
		6416D38518F229270051F568 /* Images.xcassets */ = {isa = PBXFileReference; lastKnownFileType = folder.assetcatalog; path = Images.xcassets; sourceTree = "<group>"; };
		6416D38818F22A350051F568 /* bg.jpg */ = {isa = PBXFileReference; lastKnownFileType = image.jpeg; name = bg.jpg; path = ../../CvEffects/bg.jpg; sourceTree = "<group>"; };
		641AAAE4192002B900672EDD /* CvEffects.xcodeproj */ = {isa = PBXFileReference; lastKnownFileType = "wrapper.pb-project"; name = CvEffects.xcodeproj; path = ../CvEffects/CvEffects.xcodeproj; sourceTree = "<group>"; };
		643A35B319209C2C008CB1E5 /* CFNetwork.framework */ = {isa = PBXFileReference; lastKnownFileType = wrapper.framework; name = CFNetwork.framework; path = System/Library/Frameworks/CFNetwork.framework; sourceTree = SDKROOT; };
		643A35B519209C34008CB1E5 /* SystemConfiguration.framework */ = {isa = PBXFileReference; lastKnownFileType = wrapper.framework; name = SystemConfiguration.framework; path = System/Library/Frameworks/SystemConfiguration.framework; sourceTree = SDKROOT; };
		643A35B719209C3B008CB1E5 /* MobileCoreServices.framework */ = {isa = PBXFileReference; lastKnownFileType = wrapper.framework; name = MobileCoreServices.framework; path = System/Library/Frameworks/MobileCoreServices.framework; sourceTree = SDKROOT; };
		6450638018E34AF7003F8690 /* opencv2.framework */ = {isa = PBXFileReference; lastKnownFileType = wrapper.framework; path = opencv2.framework; sourceTree = "<group>"; };
		64DAFE6719045B6E00DFC794 /* myCameraIcon.png */ = {isa = PBXFileReference; lastKnownFileType = image.png; name = myCameraIcon.png; path = ../../../../../Arts/myCameraIcon.png; sourceTree = "<group>"; };
		64DAFE691905AAF700DFC794 /* AudioToolbox.framework */ = {isa = PBXFileReference; lastKnownFileType = wrapper.framework; name = AudioToolbox.framework; path = System/Library/Frameworks/AudioToolbox.framework; sourceTree = SDKROOT; };
		83FA790E1748FE9000248405 /* GridPaint.app */ = {isa = PBXFileReference; explicitFileType = wrapper.application; includeInIndex = 0; path = GridPaint.app; sourceTree = BUILT_PRODUCTS_DIR; };
		83FA79121748FE9000248405 /* UIKit.framework */ = {isa = PBXFileReference; lastKnownFileType = wrapper.framework; name = UIKit.framework; path = System/Library/Frameworks/UIKit.framework; sourceTree = SDKROOT; };
		83FA79141748FE9000248405 /* Foundation.framework */ = {isa = PBXFileReference; lastKnownFileType = wrapper.framework; name = Foundation.framework; path = System/Library/Frameworks/Foundation.framework; sourceTree = SDKROOT; };
		83FA79161748FE9000248405 /* CoreGraphics.framework */ = {isa = PBXFileReference; lastKnownFileType = wrapper.framework; name = CoreGraphics.framework; path = System/Library/Frameworks/CoreGraphics.framework; sourceTree = SDKROOT; };
		83FA791A1748FE9000248405 /* GridPaint-Info.plist */ = {isa = PBXFileReference; lastKnownFileType = text.plist.xml; path = "GridPaint-Info.plist"; sourceTree = "<group>"; };
		83FA791C1748FE9000248405 /* en */ = {isa = PBXFileReference; lastKnownFileType = text.plist.strings; name = en; path = en.lproj/InfoPlist.strings; sourceTree = "<group>"; };
		83FA791E1748FE9000248405 /* main.m */ = {isa = PBXFileReference; lastKnownFileType = sourcecode.c.objc; path = main.m; sourceTree = "<group>"; };
		83FA79201748FE9000248405 /* GridPaint-Prefix.pch */ = {isa = PBXFileReference; lastKnownFileType = sourcecode.c.h; path = "GridPaint-Prefix.pch"; sourceTree = "<group>"; };
		83FA79211748FE9000248405 /* AppDelegate.h */ = {isa = PBXFileReference; lastKnownFileType = sourcecode.c.h; path = AppDelegate.h; sourceTree = "<group>"; };
		83FA79221748FE9000248405 /* AppDelegate.m */ = {isa = PBXFileReference; lastKnownFileType = sourcecode.c.objc; path = AppDelegate.m; sourceTree = "<group>"; };
		83FA79241748FE9000248405 /* Default.png */ = {isa = PBXFileReference; lastKnownFileType = image.png; path = Default.png; sourceTree = "<group>"; };
		83FA79261748FE9000248405 /* Default@2x.png */ = {isa = PBXFileReference; lastKnownFileType = image.png; path = "Default@2x.png"; sourceTree = "<group>"; };
		83FA79281748FE9000248405 /* Default-568h@2x.png */ = {isa = PBXFileReference; lastKnownFileType = image.png; path = "Default-568h@2x.png"; sourceTree = "<group>"; };
		83FA792B1748FE9000248405 /* en */ = {isa = PBXFileReference; lastKnownFileType = file.storyboard; name = en; path = en.lproj/MainStoryboard_iPhone.storyboard; sourceTree = "<group>"; };
		83FA792E1748FE9000248405 /* en */ = {isa = PBXFileReference; lastKnownFileType = file.storyboard; name = en; path = en.lproj/MainStoryboard_iPad.storyboard; sourceTree = "<group>"; };
		83FA79301748FE9000248405 /* ViewController.h */ = {isa = PBXFileReference; lastKnownFileType = sourcecode.c.h; path = ViewController.h; sourceTree = "<group>"; };
		83FA79311748FE9000248405 /* ViewController.m */ = {isa = PBXFileReference; lastKnownFileType = sourcecode.c.objc; path = ViewController.m; sourceTree = "<group>"; };
		83FA793A1748FF3300248405 /* Accelerate.framework */ = {isa = PBXFileReference; lastKnownFileType = wrapper.framework; name = Accelerate.framework; path = System/Library/Frameworks/Accelerate.framework; sourceTree = SDKROOT; };
		83FA793B1748FF3300248405 /* AssetsLibrary.framework */ = {isa = PBXFileReference; lastKnownFileType = wrapper.framework; name = AssetsLibrary.framework; path = System/Library/Frameworks/AssetsLibrary.framework; sourceTree = SDKROOT; };
		83FA793C1748FF3300248405 /* AVFoundation.framework */ = {isa = PBXFileReference; lastKnownFileType = wrapper.framework; name = AVFoundation.framework; path = System/Library/Frameworks/AVFoundation.framework; sourceTree = SDKROOT; };
		83FA79401748FF3F00248405 /* CoreImage.framework */ = {isa = PBXFileReference; lastKnownFileType = wrapper.framework; name = CoreImage.framework; path = System/Library/Frameworks/CoreImage.framework; sourceTree = SDKROOT; };
		83FA79411748FF3F00248405 /* CoreMedia.framework */ = {isa = PBXFileReference; lastKnownFileType = wrapper.framework; name = CoreMedia.framework; path = System/Library/Frameworks/CoreMedia.framework; sourceTree = SDKROOT; };
		83FA79421748FF3F00248405 /* CoreVideo.framework */ = {isa = PBXFileReference; lastKnownFileType = wrapper.framework; name = CoreVideo.framework; path = System/Library/Frameworks/CoreVideo.framework; sourceTree = SDKROOT; };
		83FA79461748FF4A00248405 /* QuartzCore.framework */ = {isa = PBXFileReference; lastKnownFileType = wrapper.framework; name = QuartzCore.framework; path = System/Library/Frameworks/QuartzCore.framework; sourceTree = SDKROOT; };
		83FA797417490FB500248405 /* fuzzy_border.png */ = {isa = PBXFileReference; lastKnownFileType = image.png; name = fuzzy_border.png; path = ../../CvEffects/CvEffects/fuzzy_border.png; sourceTree = "<group>"; };
		83FA797517490FB500248405 /* scratches.png */ = {isa = PBXFileReference; lastKnownFileType = image.png; name = scratches.png; path = ../../CvEffects/CvEffects/scratches.png; sourceTree = "<group>"; };
		9D108481674D4A508ACD3034 /* Pods.xcconfig */ = {isa = PBXFileReference; includeInIndex = 1; lastKnownFileType = text.xcconfig; name = Pods.xcconfig; path = Pods/Pods.xcconfig; sourceTree = "<group>"; };
/* End PBXFileReference section */

/* Begin PBXFrameworksBuildPhase section */
		83FA790B1748FE9000248405 /* Frameworks */ = {
			isa = PBXFrameworksBuildPhase;
			buildActionMask = 2147483647;
			files = (
				83FA79171748FE9000248405 /* CoreGraphics.framework in Frameworks */,
				643A35B819209C3B008CB1E5 /* MobileCoreServices.framework in Frameworks */,
				643A35B619209C34008CB1E5 /* SystemConfiguration.framework in Frameworks */,
				643A35B419209C2D008CB1E5 /* CFNetwork.framework in Frameworks */,
				83FA79471748FF4A00248405 /* QuartzCore.framework in Frameworks */,
				83FA79431748FF3F00248405 /* CoreImage.framework in Frameworks */,
				83FA79441748FF3F00248405 /* CoreMedia.framework in Frameworks */,
				83FA79451748FF3F00248405 /* CoreVideo.framework in Frameworks */,
				64DAFE6A1905AAF700DFC794 /* AudioToolbox.framework in Frameworks */,
				83FA793D1748FF3300248405 /* Accelerate.framework in Frameworks */,
				6450638118E34AF7003F8690 /* opencv2.framework in Frameworks */,
				83FA793E1748FF3300248405 /* AssetsLibrary.framework in Frameworks */,
				83FA793F1748FF3300248405 /* AVFoundation.framework in Frameworks */,
				83FA79131748FE9000248405 /* UIKit.framework in Frameworks */,
				83FA79151748FE9000248405 /* Foundation.framework in Frameworks */,
				79928AA993654EE090F46D42 /* libPods.a in Frameworks */,
			);
			runOnlyForDeploymentPostprocessing = 0;
		};
/* End PBXFrameworksBuildPhase section */

/* Begin PBXGroup section */
		641AAAE5192002B900672EDD /* Products */ = {
			isa = PBXGroup;
			children = (
				641AAAE9192002B900672EDD /* libCvEffects.a */,
			);
			name = Products;
			sourceTree = "<group>";
		};
		83FA79031748FE9000248405 = {
			isa = PBXGroup;
			children = (
				641AAAE4192002B900672EDD /* CvEffects.xcodeproj */,
				83FA79181748FE9000248405 /* GridPaint */,
				83FA79111748FE9000248405 /* Frameworks */,
				83FA790F1748FE9000248405 /* Products */,
				9D108481674D4A508ACD3034 /* Pods.xcconfig */,
			);
			sourceTree = "<group>";
		};
		83FA790F1748FE9000248405 /* Products */ = {
			isa = PBXGroup;
			children = (
				83FA790E1748FE9000248405 /* GridPaint.app */,
			);
			name = Products;
			sourceTree = "<group>";
		};
		83FA79111748FE9000248405 /* Frameworks */ = {
			isa = PBXGroup;
			children = (
				643A35B719209C3B008CB1E5 /* MobileCoreServices.framework */,
				643A35B519209C34008CB1E5 /* SystemConfiguration.framework */,
				643A35B319209C2C008CB1E5 /* CFNetwork.framework */,
				64DAFE691905AAF700DFC794 /* AudioToolbox.framework */,
				6450638018E34AF7003F8690 /* opencv2.framework */,
				83FA79461748FF4A00248405 /* QuartzCore.framework */,
				83FA79401748FF3F00248405 /* CoreImage.framework */,
				83FA79411748FF3F00248405 /* CoreMedia.framework */,
				83FA79421748FF3F00248405 /* CoreVideo.framework */,
				83FA793A1748FF3300248405 /* Accelerate.framework */,
				83FA793B1748FF3300248405 /* AssetsLibrary.framework */,
				83FA793C1748FF3300248405 /* AVFoundation.framework */,
				83FA79121748FE9000248405 /* UIKit.framework */,
				83FA79141748FE9000248405 /* Foundation.framework */,
				83FA79161748FE9000248405 /* CoreGraphics.framework */,
				443E0494E7F04218A50C3FF1 /* libPods.a */,
			);
			name = Frameworks;
			sourceTree = "<group>";
		};
		83FA79181748FE9000248405 /* GridPaint */ = {
			isa = PBXGroup;
			children = (
				83FA79211748FE9000248405 /* AppDelegate.h */,
				83FA79221748FE9000248405 /* AppDelegate.m */,
				83FA792A1748FE9000248405 /* MainStoryboard_iPhone.storyboard */,
				83FA792D1748FE9000248405 /* MainStoryboard_iPad.storyboard */,
				83FA79301748FE9000248405 /* ViewController.h */,
				83FA79311748FE9000248405 /* ViewController.m */,
				6416D38518F229270051F568 /* Images.xcassets */,
				83FA79191748FE9000248405 /* Supporting Files */,
			);
			name = GridPaint;
			path = Chapter12_ProcessingVideo;
			sourceTree = "<group>";
		};
		83FA79191748FE9000248405 /* Supporting Files */ = {
			isa = PBXGroup;
			children = (
				64DAFE6719045B6E00DFC794 /* myCameraIcon.png */,
				64088CB018F4C48700A52671 /* myCamera2.png */,
				6416D38818F22A350051F568 /* bg.jpg */,
				83FA797417490FB500248405 /* fuzzy_border.png */,
				83FA797517490FB500248405 /* scratches.png */,
				83FA791A1748FE9000248405 /* GridPaint-Info.plist */,
				83FA791B1748FE9000248405 /* InfoPlist.strings */,
				83FA791E1748FE9000248405 /* main.m */,
				83FA79201748FE9000248405 /* GridPaint-Prefix.pch */,
				83FA79241748FE9000248405 /* Default.png */,
				83FA79261748FE9000248405 /* Default@2x.png */,
				83FA79281748FE9000248405 /* Default-568h@2x.png */,
			);
			name = "Supporting Files";
			sourceTree = "<group>";
		};
/* End PBXGroup section */

/* Begin PBXNativeTarget section */
		83FA790D1748FE9000248405 /* GridPaint */ = {
			isa = PBXNativeTarget;
			buildConfigurationList = 83FA79351748FE9000248405 /* Build configuration list for PBXNativeTarget "GridPaint" */;
			buildPhases = (
				DCA16A9D645D47A994A57CCE /* Check Pods Manifest.lock */,
				83FA790A1748FE9000248405 /* Sources */,
				83FA790B1748FE9000248405 /* Frameworks */,
				83FA790C1748FE9000248405 /* Resources */,
				F1FC6C7C423541D78829C57D /* Copy Pods Resources */,
			);
			buildRules = (
			);
			dependencies = (
			);
			name = GridPaint;
			productName = Chapter12_ProcessingVideo;
			productReference = 83FA790E1748FE9000248405 /* GridPaint.app */;
			productType = "com.apple.product-type.application";
		};
/* End PBXNativeTarget section */

/* Begin PBXProject section */
		83FA79051748FE9000248405 /* Project object */ = {
			isa = PBXProject;
			attributes = {
				LastUpgradeCheck = 0450;
				ORGANIZATIONNAME = "Alexander Shishkov & Kirill Kornyakov";
			};
			buildConfigurationList = 83FA79081748FE9000248405 /* Build configuration list for PBXProject "GridPaint" */;
			compatibilityVersion = "Xcode 3.2";
			developmentRegion = English;
			hasScannedForEncodings = 0;
			knownRegions = (
				en,
			);
			mainGroup = 83FA79031748FE9000248405;
			productRefGroup = 83FA790F1748FE9000248405 /* Products */;
			projectDirPath = "";
			projectReferences = (
				{
					ProductGroup = 641AAAE5192002B900672EDD /* Products */;
					ProjectRef = 641AAAE4192002B900672EDD /* CvEffects.xcodeproj */;
				},
			);
			projectRoot = "";
			targets = (
				83FA790D1748FE9000248405 /* GridPaint */,
			);
		};
/* End PBXProject section */

/* Begin PBXReferenceProxy section */
		641AAAE9192002B900672EDD /* libCvEffects.a */ = {
			isa = PBXReferenceProxy;
			fileType = archive.ar;
			path = libCvEffects.a;
			remoteRef = 641AAAE8192002B900672EDD /* PBXContainerItemProxy */;
			sourceTree = BUILT_PRODUCTS_DIR;
		};
/* End PBXReferenceProxy section */

/* Begin PBXResourcesBuildPhase section */
		83FA790C1748FE9000248405 /* Resources */ = {
			isa = PBXResourcesBuildPhase;
			buildActionMask = 2147483647;
			files = (
				6416D38918F22A350051F568 /* bg.jpg in Resources */,
				6416D38618F229270051F568 /* Images.xcassets in Resources */,
				64DAFE6819045B6E00DFC794 /* myCameraIcon.png in Resources */,
				83FA791D1748FE9000248405 /* InfoPlist.strings in Resources */,
				64088CB118F4C48700A52671 /* myCamera2.png in Resources */,
				83FA79251748FE9000248405 /* Default.png in Resources */,
				83FA79271748FE9000248405 /* Default@2x.png in Resources */,
				83FA79291748FE9000248405 /* Default-568h@2x.png in Resources */,
				83FA792C1748FE9000248405 /* MainStoryboard_iPhone.storyboard in Resources */,
				83FA792F1748FE9000248405 /* MainStoryboard_iPad.storyboard in Resources */,
				83FA797917490FB500248405 /* fuzzy_border.png in Resources */,
				83FA797A17490FB500248405 /* scratches.png in Resources */,
			);
			runOnlyForDeploymentPostprocessing = 0;
		};
/* End PBXResourcesBuildPhase section */

/* Begin PBXShellScriptBuildPhase section */
		DCA16A9D645D47A994A57CCE /* Check Pods Manifest.lock */ = {
			isa = PBXShellScriptBuildPhase;
			buildActionMask = 2147483647;
			files = (
			);
			inputPaths = (
			);
			name = "Check Pods Manifest.lock";
			outputPaths = (
			);
			runOnlyForDeploymentPostprocessing = 0;
			shellPath = /bin/sh;
			shellScript = "diff \"${PODS_ROOT}/../Podfile.lock\" \"${PODS_ROOT}/Manifest.lock\" > /dev/null\nif [[ $? != 0 ]] ; then\n    cat << EOM\nerror: The sandbox is not in sync with the Podfile.lock. Run 'pod install' or update your CocoaPods installation.\nEOM\n    exit 1\nfi\n";
			showEnvVarsInLog = 0;
		};
		F1FC6C7C423541D78829C57D /* Copy Pods Resources */ = {
			isa = PBXShellScriptBuildPhase;
			buildActionMask = 2147483647;
			files = (
			);
			inputPaths = (
			);
			name = "Copy Pods Resources";
			outputPaths = (
			);
			runOnlyForDeploymentPostprocessing = 0;
			shellPath = /bin/sh;
			shellScript = "\"${SRCROOT}/Pods/Pods-resources.sh\"\n";
			showEnvVarsInLog = 0;
		};
/* End PBXShellScriptBuildPhase section */

/* Begin PBXSourcesBuildPhase section */
		83FA790A1748FE9000248405 /* Sources */ = {
			isa = PBXSourcesBuildPhase;
			buildActionMask = 2147483647;
			files = (
				83FA791F1748FE9000248405 /* main.m in Sources */,
				83FA79231748FE9000248405 /* AppDelegate.m in Sources */,
				83FA79321748FE9000248405 /* ViewController.m in Sources */,
			);
			runOnlyForDeploymentPostprocessing = 0;
		};
/* End PBXSourcesBuildPhase section */

/* Begin PBXVariantGroup section */
		83FA791B1748FE9000248405 /* InfoPlist.strings */ = {
			isa = PBXVariantGroup;
			children = (
				83FA791C1748FE9000248405 /* en */,
			);
			name = InfoPlist.strings;
			sourceTree = "<group>";
		};
		83FA792A1748FE9000248405 /* MainStoryboard_iPhone.storyboard */ = {
			isa = PBXVariantGroup;
			children = (
				83FA792B1748FE9000248405 /* en */,
			);
			name = MainStoryboard_iPhone.storyboard;
			sourceTree = "<group>";
		};
		83FA792D1748FE9000248405 /* MainStoryboard_iPad.storyboard */ = {
			isa = PBXVariantGroup;
			children = (
				83FA792E1748FE9000248405 /* en */,
			);
			name = MainStoryboard_iPad.storyboard;
			sourceTree = "<group>";
		};
/* End PBXVariantGroup section */

/* Begin XCBuildConfiguration section */
		83FA79331748FE9000248405 /* Debug */ = {
			isa = XCBuildConfiguration;
			buildSettings = {
				ALWAYS_SEARCH_USER_PATHS = NO;
				CLANG_CXX_LANGUAGE_STANDARD = "gnu++0x";
				CLANG_CXX_LIBRARY = "libc++";
				CLANG_ENABLE_OBJC_ARC = YES;
				CLANG_WARN_EMPTY_BODY = YES;
				CLANG_WARN__DUPLICATE_METHOD_MATCH = YES;
				"CODE_SIGN_IDENTITY[sdk=iphoneos*]" = "iPhone Developer";
				COPY_PHASE_STRIP = NO;
				GCC_C_LANGUAGE_STANDARD = gnu99;
				GCC_DYNAMIC_NO_PIC = NO;
				GCC_OPTIMIZATION_LEVEL = 0;
				GCC_PREPROCESSOR_DEFINITIONS = (
					"DEBUG=1",
					"$(inherited)",
				);
				GCC_SYMBOLS_PRIVATE_EXTERN = NO;
				GCC_WARN_ABOUT_RETURN_TYPE = YES;
				GCC_WARN_UNINITIALIZED_AUTOS = YES;
				GCC_WARN_UNUSED_VARIABLE = YES;
				IPHONEOS_DEPLOYMENT_TARGET = 6.0;
				ONLY_ACTIVE_ARCH = YES;
				SDKROOT = iphoneos;
				TARGETED_DEVICE_FAMILY = "1,2";
			};
			name = Debug;
		};
		83FA79341748FE9000248405 /* Release */ = {
			isa = XCBuildConfiguration;
			buildSettings = {
				ALWAYS_SEARCH_USER_PATHS = NO;
				CLANG_CXX_LANGUAGE_STANDARD = "gnu++0x";
				CLANG_CXX_LIBRARY = "libc++";
				CLANG_ENABLE_OBJC_ARC = YES;
				CLANG_WARN_EMPTY_BODY = YES;
				CLANG_WARN__DUPLICATE_METHOD_MATCH = YES;
				"CODE_SIGN_IDENTITY[sdk=iphoneos*]" = "iPhone Developer";
				COPY_PHASE_STRIP = YES;
				GCC_C_LANGUAGE_STANDARD = gnu99;
				GCC_WARN_ABOUT_RETURN_TYPE = YES;
				GCC_WARN_UNINITIALIZED_AUTOS = YES;
				GCC_WARN_UNUSED_VARIABLE = YES;
				IPHONEOS_DEPLOYMENT_TARGET = 6.0;
				OTHER_CFLAGS = "-DNS_BLOCK_ASSERTIONS=1";
				SDKROOT = iphoneos;
				TARGETED_DEVICE_FAMILY = "1,2";
				VALIDATE_PRODUCT = YES;
			};
			name = Release;
		};
		83FA79361748FE9000248405 /* Debug */ = {
			isa = XCBuildConfiguration;
			baseConfigurationReference = 9D108481674D4A508ACD3034 /* Pods.xcconfig */;
			buildSettings = {
				ASSETCATALOG_COMPILER_APPICON_NAME = AppIcon;
				ASSETCATALOG_COMPILER_LAUNCHIMAGE_NAME = LaunchImage;
				FRAMEWORK_SEARCH_PATHS = (
					"$(inherited)",
					"\"$(SRCROOT)/..\"",
					"$(PROJECT_DIR)",
				);
				GCC_INPUT_FILETYPE = sourcecode.cpp.objcpp;
				GCC_PRECOMPILE_PREFIX_HEADER = YES;
				GCC_PREFIX_HEADER = "Chapter12_ProcessingVideo/GridPaint-Prefix.pch";
				INFOPLIST_FILE = "Chapter12_ProcessingVideo/GridPaint-Info.plist";
				PRODUCT_NAME = GridPaint;
				WRAPPER_EXTENSION = app;
			};
			name = Debug;
		};
		83FA79371748FE9000248405 /* Release */ = {
			isa = XCBuildConfiguration;
			baseConfigurationReference = 9D108481674D4A508ACD3034 /* Pods.xcconfig */;
			buildSettings = {
				ASSETCATALOG_COMPILER_APPICON_NAME = AppIcon;
				ASSETCATALOG_COMPILER_LAUNCHIMAGE_NAME = LaunchImage;
				FRAMEWORK_SEARCH_PATHS = (
					"$(inherited)",
					"\"$(SRCROOT)/..\"",
					"$(PROJECT_DIR)",
				);
				GCC_INPUT_FILETYPE = sourcecode.cpp.objcpp;
				GCC_PRECOMPILE_PREFIX_HEADER = YES;
				GCC_PREFIX_HEADER = "Chapter12_ProcessingVideo/GridPaint-Prefix.pch";
				INFOPLIST_FILE = "Chapter12_ProcessingVideo/GridPaint-Info.plist";
				PRODUCT_NAME = GridPaint;
				WRAPPER_EXTENSION = app;
			};
			name = Release;
		};
/* End XCBuildConfiguration section */

/* Begin XCConfigurationList section */
		83FA79081748FE9000248405 /* Build configuration list for PBXProject "GridPaint" */ = {
			isa = XCConfigurationList;
			buildConfigurations = (
				83FA79331748FE9000248405 /* Debug */,
				83FA79341748FE9000248405 /* Release */,
			);
			defaultConfigurationIsVisible = 0;
			defaultConfigurationName = Release;
		};
		83FA79351748FE9000248405 /* Build configuration list for PBXNativeTarget "GridPaint" */ = {
			isa = XCConfigurationList;
			buildConfigurations = (
				83FA79361748FE9000248405 /* Debug */,
				83FA79371748FE9000248405 /* Release */,
			);
			defaultConfigurationIsVisible = 0;
			defaultConfigurationName = Release;
		};
/* End XCConfigurationList section */
	};
	rootObject = 83FA79051748FE9000248405 /* Project object */;
}
